// !$*UTF8*$!
{
	archiveVersion = 1;
	classes = {
	};
	objectVersion = 56;
	objects = {

/* Begin PBXBuildFile section */
		954E2E852BE2775F0095B226 /* FirebaseAnalytics in Frameworks */ = {isa = PBXBuildFile; productRef = 954E2E842BE2775F0095B226 /* FirebaseAnalytics */; };
		954E2E872BE2775F0095B226 /* FirebaseAnalyticsOnDeviceConversion in Frameworks */ = {isa = PBXBuildFile; productRef = 954E2E862BE2775F0095B226 /* FirebaseAnalyticsOnDeviceConversion */; };
		954E2E892BE2775F0095B226 /* FirebaseAnalyticsSwift in Frameworks */ = {isa = PBXBuildFile; productRef = 954E2E882BE2775F0095B226 /* FirebaseAnalyticsSwift */; };
		954E2E8B2BE2775F0095B226 /* FirebaseAnalyticsWithoutAdIdSupport in Frameworks */ = {isa = PBXBuildFile; productRef = 954E2E8A2BE2775F0095B226 /* FirebaseAnalyticsWithoutAdIdSupport */; };
		954E2E8D2BE2775F0095B226 /* FirebaseAppCheck in Frameworks */ = {isa = PBXBuildFile; productRef = 954E2E8C2BE2775F0095B226 /* FirebaseAppCheck */; };
		954E2E8F2BE2775F0095B226 /* FirebaseAppDistribution-Beta in Frameworks */ = {isa = PBXBuildFile; productRef = 954E2E8E2BE2775F0095B226 /* FirebaseAppDistribution-Beta */; };
		954E2E912BE2775F0095B226 /* FirebaseAuth in Frameworks */ = {isa = PBXBuildFile; productRef = 954E2E902BE2775F0095B226 /* FirebaseAuth */; };
		954E2E932BE2775F0095B226 /* FirebaseAuthCombine-Community in Frameworks */ = {isa = PBXBuildFile; productRef = 954E2E922BE2775F0095B226 /* FirebaseAuthCombine-Community */; };
		954E2E952BE2775F0095B226 /* FirebaseCrashlytics in Frameworks */ = {isa = PBXBuildFile; productRef = 954E2E942BE2775F0095B226 /* FirebaseCrashlytics */; };
		954E2E972BE2775F0095B226 /* FirebaseDatabase in Frameworks */ = {isa = PBXBuildFile; productRef = 954E2E962BE2775F0095B226 /* FirebaseDatabase */; };
		954E2E992BE2775F0095B226 /* FirebaseDatabaseSwift in Frameworks */ = {isa = PBXBuildFile; productRef = 954E2E982BE2775F0095B226 /* FirebaseDatabaseSwift */; };
		954E2E9B2BE2775F0095B226 /* FirebaseDynamicLinks in Frameworks */ = {isa = PBXBuildFile; productRef = 954E2E9A2BE2775F0095B226 /* FirebaseDynamicLinks */; };
		954E2E9D2BE2775F0095B226 /* FirebaseFirestore in Frameworks */ = {isa = PBXBuildFile; productRef = 954E2E9C2BE2775F0095B226 /* FirebaseFirestore */; };
		954E2E9F2BE2775F0095B226 /* FirebaseFirestoreCombine-Community in Frameworks */ = {isa = PBXBuildFile; productRef = 954E2E9E2BE2775F0095B226 /* FirebaseFirestoreCombine-Community */; };
		954E2EA12BE2775F0095B226 /* FirebaseFirestoreSwift in Frameworks */ = {isa = PBXBuildFile; productRef = 954E2EA02BE2775F0095B226 /* FirebaseFirestoreSwift */; };
		954E2EA32BE2775F0095B226 /* FirebaseFunctions in Frameworks */ = {isa = PBXBuildFile; productRef = 954E2EA22BE2775F0095B226 /* FirebaseFunctions */; };
		954E2EA52BE2775F0095B226 /* FirebaseFunctionsCombine-Community in Frameworks */ = {isa = PBXBuildFile; productRef = 954E2EA42BE2775F0095B226 /* FirebaseFunctionsCombine-Community */; };
		954E2EA72BE2775F0095B226 /* FirebaseInAppMessaging-Beta in Frameworks */ = {isa = PBXBuildFile; productRef = 954E2EA62BE2775F0095B226 /* FirebaseInAppMessaging-Beta */; };
		954E2EA92BE2775F0095B226 /* FirebaseInAppMessagingSwift-Beta in Frameworks */ = {isa = PBXBuildFile; productRef = 954E2EA82BE2775F0095B226 /* FirebaseInAppMessagingSwift-Beta */; };
		954E2EAB2BE2775F0095B226 /* FirebaseInstallations in Frameworks */ = {isa = PBXBuildFile; productRef = 954E2EAA2BE2775F0095B226 /* FirebaseInstallations */; };
		954E2EAD2BE2775F0095B226 /* FirebaseMLModelDownloader in Frameworks */ = {isa = PBXBuildFile; productRef = 954E2EAC2BE2775F0095B226 /* FirebaseMLModelDownloader */; };
		954E2EAF2BE2775F0095B226 /* FirebaseMessaging in Frameworks */ = {isa = PBXBuildFile; productRef = 954E2EAE2BE2775F0095B226 /* FirebaseMessaging */; };
		954E2EB12BE2775F0095B226 /* FirebasePerformance in Frameworks */ = {isa = PBXBuildFile; productRef = 954E2EB02BE2775F0095B226 /* FirebasePerformance */; };
		954E2EB32BE2775F0095B226 /* FirebaseRemoteConfig in Frameworks */ = {isa = PBXBuildFile; productRef = 954E2EB22BE2775F0095B226 /* FirebaseRemoteConfig */; };
		954E2EB52BE2775F0095B226 /* FirebaseRemoteConfigSwift in Frameworks */ = {isa = PBXBuildFile; productRef = 954E2EB42BE2775F0095B226 /* FirebaseRemoteConfigSwift */; };
		954E2EB72BE2775F0095B226 /* FirebaseStorage in Frameworks */ = {isa = PBXBuildFile; productRef = 954E2EB62BE2775F0095B226 /* FirebaseStorage */; };
		954E2EB92BE2775F0095B226 /* FirebaseStorageCombine-Community in Frameworks */ = {isa = PBXBuildFile; productRef = 954E2EB82BE2775F0095B226 /* FirebaseStorageCombine-Community */; };
		954E2EBB2BE360040095B226 /* GoogleService-Info.plist in Resources */ = {isa = PBXBuildFile; fileRef = 954E2EBA2BE360040095B226 /* GoogleService-Info.plist */; };
		954E2EBD2BE362020095B226 /* AppDelegate.swift in Sources */ = {isa = PBXBuildFile; fileRef = 954E2EBC2BE362020095B226 /* AppDelegate.swift */; };
		954E58DC2BE2110500EA37F3 /* ToDoListApp.swift in Sources */ = {isa = PBXBuildFile; fileRef = 954E58DB2BE2110500EA37F3 /* ToDoListApp.swift */; };
		954E58DE2BE2110500EA37F3 /* MainView.swift in Sources */ = {isa = PBXBuildFile; fileRef = 954E58DD2BE2110500EA37F3 /* MainView.swift */; };
		954E58E02BE2111900EA37F3 /* Assets.xcassets in Resources */ = {isa = PBXBuildFile; fileRef = 954E58DF2BE2111900EA37F3 /* Assets.xcassets */; };
		954E58E32BE2111900EA37F3 /* Preview Assets.xcassets in Resources */ = {isa = PBXBuildFile; fileRef = 954E58E22BE2111900EA37F3 /* Preview Assets.xcassets */; };
		95972F8E2BE370DD00F4DBBD /* LoginView.swift in Sources */ = {isa = PBXBuildFile; fileRef = 95972F8D2BE370DD00F4DBBD /* LoginView.swift */; };
		95972F902BE3710000F4DBBD /* LoginViewModel.swift in Sources */ = {isa = PBXBuildFile; fileRef = 95972F8F2BE3710000F4DBBD /* LoginViewModel.swift */; };
		95972F932BE3713A00F4DBBD /* User.swift in Sources */ = {isa = PBXBuildFile; fileRef = 95972F922BE3713A00F4DBBD /* User.swift */; };
		95972F962BE3847300F4DBBD /* HeaderView.swift in Sources */ = {isa = PBXBuildFile; fileRef = 95972F952BE3847300F4DBBD /* HeaderView.swift */; };
		95972F9A2BE3AA4A00F4DBBD /* RegisterView.swift in Sources */ = {isa = PBXBuildFile; fileRef = 95972F992BE3AA4A00F4DBBD /* RegisterView.swift */; };
		95972F9C2BE3AA5A00F4DBBD /* RegisterViewModel.swift in Sources */ = {isa = PBXBuildFile; fileRef = 95972F9B2BE3AA5A00F4DBBD /* RegisterViewModel.swift */; };
/* End PBXBuildFile section */

/* Begin PBXFileReference section */
		954E2EBA2BE360040095B226 /* GoogleService-Info.plist */ = {isa = PBXFileReference; fileEncoding = 4; lastKnownFileType = text.plist.xml; path = "GoogleService-Info.plist"; sourceTree = "<group>"; };
		954E2EBC2BE362020095B226 /* AppDelegate.swift */ = {isa = PBXFileReference; lastKnownFileType = sourcecode.swift; path = AppDelegate.swift; sourceTree = "<group>"; };
		954E58D82BE2110500EA37F3 /* ToDoList.app */ = {isa = PBXFileReference; explicitFileType = wrapper.application; includeInIndex = 0; path = ToDoList.app; sourceTree = BUILT_PRODUCTS_DIR; };
		954E58DB2BE2110500EA37F3 /* ToDoListApp.swift */ = {isa = PBXFileReference; lastKnownFileType = sourcecode.swift; path = ToDoListApp.swift; sourceTree = "<group>"; };
		954E58DD2BE2110500EA37F3 /* MainView.swift */ = {isa = PBXFileReference; lastKnownFileType = sourcecode.swift; path = MainView.swift; sourceTree = "<group>"; };
		954E58DF2BE2111900EA37F3 /* Assets.xcassets */ = {isa = PBXFileReference; lastKnownFileType = folder.assetcatalog; path = Assets.xcassets; sourceTree = "<group>"; };
		954E58E22BE2111900EA37F3 /* Preview Assets.xcassets */ = {isa = PBXFileReference; lastKnownFileType = folder.assetcatalog; path = "Preview Assets.xcassets"; sourceTree = "<group>"; };
		95972F8D2BE370DD00F4DBBD /* LoginView.swift */ = {isa = PBXFileReference; lastKnownFileType = sourcecode.swift; path = LoginView.swift; sourceTree = "<group>"; };
		95972F8F2BE3710000F4DBBD /* LoginViewModel.swift */ = {isa = PBXFileReference; lastKnownFileType = sourcecode.swift; path = LoginViewModel.swift; sourceTree = "<group>"; };
		95972F922BE3713A00F4DBBD /* User.swift */ = {isa = PBXFileReference; lastKnownFileType = sourcecode.swift; path = User.swift; sourceTree = "<group>"; };
		95972F952BE3847300F4DBBD /* HeaderView.swift */ = {isa = PBXFileReference; lastKnownFileType = sourcecode.swift; path = HeaderView.swift; sourceTree = "<group>"; };
		95972F992BE3AA4A00F4DBBD /* RegisterView.swift */ = {isa = PBXFileReference; lastKnownFileType = sourcecode.swift; path = RegisterView.swift; sourceTree = "<group>"; };
		95972F9B2BE3AA5A00F4DBBD /* RegisterViewModel.swift */ = {isa = PBXFileReference; lastKnownFileType = sourcecode.swift; path = RegisterViewModel.swift; sourceTree = "<group>"; };
/* End PBXFileReference section */

/* Begin PBXFrameworksBuildPhase section */
		954E58D52BE2110500EA37F3 /* Frameworks */ = {
			isa = PBXFrameworksBuildPhase;
			buildActionMask = 2147483647;
			files = (
				954E2E972BE2775F0095B226 /* FirebaseDatabase in Frameworks */,
				954E2EA52BE2775F0095B226 /* FirebaseFunctionsCombine-Community in Frameworks */,
				954E2E9D2BE2775F0095B226 /* FirebaseFirestore in Frameworks */,
				954E2E892BE2775F0095B226 /* FirebaseAnalyticsSwift in Frameworks */,
				954E2E852BE2775F0095B226 /* FirebaseAnalytics in Frameworks */,
				954E2E872BE2775F0095B226 /* FirebaseAnalyticsOnDeviceConversion in Frameworks */,
				954E2EAD2BE2775F0095B226 /* FirebaseMLModelDownloader in Frameworks */,
				954E2EA12BE2775F0095B226 /* FirebaseFirestoreSwift in Frameworks */,
				954E2E8D2BE2775F0095B226 /* FirebaseAppCheck in Frameworks */,
				954E2E8B2BE2775F0095B226 /* FirebaseAnalyticsWithoutAdIdSupport in Frameworks */,
				954E2E912BE2775F0095B226 /* FirebaseAuth in Frameworks */,
				954E2E952BE2775F0095B226 /* FirebaseCrashlytics in Frameworks */,
				954E2EB52BE2775F0095B226 /* FirebaseRemoteConfigSwift in Frameworks */,
				954E2EA72BE2775F0095B226 /* FirebaseInAppMessaging-Beta in Frameworks */,
				954E2E992BE2775F0095B226 /* FirebaseDatabaseSwift in Frameworks */,
				954E2EA32BE2775F0095B226 /* FirebaseFunctions in Frameworks */,
				954E2EB92BE2775F0095B226 /* FirebaseStorageCombine-Community in Frameworks */,
				954E2EB32BE2775F0095B226 /* FirebaseRemoteConfig in Frameworks */,
				954E2E8F2BE2775F0095B226 /* FirebaseAppDistribution-Beta in Frameworks */,
				954E2E932BE2775F0095B226 /* FirebaseAuthCombine-Community in Frameworks */,
				954E2EB12BE2775F0095B226 /* FirebasePerformance in Frameworks */,
				954E2EA92BE2775F0095B226 /* FirebaseInAppMessagingSwift-Beta in Frameworks */,
				954E2EB72BE2775F0095B226 /* FirebaseStorage in Frameworks */,
				954E2E9B2BE2775F0095B226 /* FirebaseDynamicLinks in Frameworks */,
				954E2E9F2BE2775F0095B226 /* FirebaseFirestoreCombine-Community in Frameworks */,
				954E2EAF2BE2775F0095B226 /* FirebaseMessaging in Frameworks */,
				954E2EAB2BE2775F0095B226 /* FirebaseInstallations in Frameworks */,
			);
			runOnlyForDeploymentPostprocessing = 0;
		};
/* End PBXFrameworksBuildPhase section */

/* Begin PBXGroup section */
		954E58CF2BE2110500EA37F3 = {
			isa = PBXGroup;
			children = (
				954E58DA2BE2110500EA37F3 /* ToDoList */,
				954E58D92BE2110500EA37F3 /* Products */,
			);
			sourceTree = "<group>";
		};
		954E58D92BE2110500EA37F3 /* Products */ = {
			isa = PBXGroup;
			children = (
				954E58D82BE2110500EA37F3 /* ToDoList.app */,
			);
			name = Products;
			sourceTree = "<group>";
		};
		954E58DA2BE2110500EA37F3 /* ToDoList */ = {
			isa = PBXGroup;
			children = (
				954E58DB2BE2110500EA37F3 /* ToDoListApp.swift */,
				954E2EBC2BE362020095B226 /* AppDelegate.swift */,
				954E58DD2BE2110500EA37F3 /* MainView.swift */,
				95972F942BE3845E00F4DBBD /* Views */,
				95972F912BE3711800F4DBBD /* Models */,
				95972F8C2BE370AC00F4DBBD /* Login */,
				95972F982BE3AA2B00F4DBBD /* Register */,
				954E58DF2BE2111900EA37F3 /* Assets.xcassets */,
				954E2EBA2BE360040095B226 /* GoogleService-Info.plist */,
				954E58E12BE2111900EA37F3 /* Preview Content */,
			);
			path = ToDoList;
			sourceTree = "<group>";
		};
		954E58E12BE2111900EA37F3 /* Preview Content */ = {
			isa = PBXGroup;
			children = (
				954E58E22BE2111900EA37F3 /* Preview Assets.xcassets */,
			);
			path = "Preview Content";
			sourceTree = "<group>";
		};
		95972F8C2BE370AC00F4DBBD /* Login */ = {
			isa = PBXGroup;
			children = (
				95972F8D2BE370DD00F4DBBD /* LoginView.swift */,
				95972F8F2BE3710000F4DBBD /* LoginViewModel.swift */,
			);
			path = Login;
			sourceTree = "<group>";
		};
		95972F912BE3711800F4DBBD /* Models */ = {
			isa = PBXGroup;
			children = (
				95972F922BE3713A00F4DBBD /* User.swift */,
			);
			path = Models;
			sourceTree = "<group>";
		};
		95972F942BE3845E00F4DBBD /* Views */ = {
			isa = PBXGroup;
			children = (
				95972F952BE3847300F4DBBD /* HeaderView.swift */,
			);
			path = Views;
			sourceTree = "<group>";
		};
		95972F982BE3AA2B00F4DBBD /* Register */ = {
			isa = PBXGroup;
			children = (
				95972F992BE3AA4A00F4DBBD /* RegisterView.swift */,
				95972F9B2BE3AA5A00F4DBBD /* RegisterViewModel.swift */,
			);
			path = Register;
			sourceTree = "<group>";
		};
/* End PBXGroup section */

/* Begin PBXNativeTarget section */
		954E58D72BE2110500EA37F3 /* ToDoList */ = {
			isa = PBXNativeTarget;
			buildConfigurationList = 954E58E62BE2111900EA37F3 /* Build configuration list for PBXNativeTarget "ToDoList" */;
			buildPhases = (
				954E58D42BE2110500EA37F3 /* Sources */,
				954E58D52BE2110500EA37F3 /* Frameworks */,
				954E58D62BE2110500EA37F3 /* Resources */,
			);
			buildRules = (
			);
			dependencies = (
			);
			name = ToDoList;
			packageProductDependencies = (
				954E2E842BE2775F0095B226 /* FirebaseAnalytics */,
				954E2E862BE2775F0095B226 /* FirebaseAnalyticsOnDeviceConversion */,
				954E2E882BE2775F0095B226 /* FirebaseAnalyticsSwift */,
				954E2E8A2BE2775F0095B226 /* FirebaseAnalyticsWithoutAdIdSupport */,
				954E2E8C2BE2775F0095B226 /* FirebaseAppCheck */,
				954E2E8E2BE2775F0095B226 /* FirebaseAppDistribution-Beta */,
				954E2E902BE2775F0095B226 /* FirebaseAuth */,
				954E2E922BE2775F0095B226 /* FirebaseAuthCombine-Community */,
				954E2E942BE2775F0095B226 /* FirebaseCrashlytics */,
				954E2E962BE2775F0095B226 /* FirebaseDatabase */,
				954E2E982BE2775F0095B226 /* FirebaseDatabaseSwift */,
				954E2E9A2BE2775F0095B226 /* FirebaseDynamicLinks */,
				954E2E9C2BE2775F0095B226 /* FirebaseFirestore */,
				954E2E9E2BE2775F0095B226 /* FirebaseFirestoreCombine-Community */,
				954E2EA02BE2775F0095B226 /* FirebaseFirestoreSwift */,
				954E2EA22BE2775F0095B226 /* FirebaseFunctions */,
				954E2EA42BE2775F0095B226 /* FirebaseFunctionsCombine-Community */,
				954E2EA62BE2775F0095B226 /* FirebaseInAppMessaging-Beta */,
				954E2EA82BE2775F0095B226 /* FirebaseInAppMessagingSwift-Beta */,
				954E2EAA2BE2775F0095B226 /* FirebaseInstallations */,
				954E2EAC2BE2775F0095B226 /* FirebaseMLModelDownloader */,
				954E2EAE2BE2775F0095B226 /* FirebaseMessaging */,
				954E2EB02BE2775F0095B226 /* FirebasePerformance */,
				954E2EB22BE2775F0095B226 /* FirebaseRemoteConfig */,
				954E2EB42BE2775F0095B226 /* FirebaseRemoteConfigSwift */,
				954E2EB62BE2775F0095B226 /* FirebaseStorage */,
				954E2EB82BE2775F0095B226 /* FirebaseStorageCombine-Community */,
			);
			productName = ToDoList;
			productReference = 954E58D82BE2110500EA37F3 /* ToDoList.app */;
			productType = "com.apple.product-type.application";
		};
/* End PBXNativeTarget section */

/* Begin PBXProject section */
		954E58D02BE2110500EA37F3 /* Project object */ = {
			isa = PBXProject;
			attributes = {
				BuildIndependentTargetsInParallel = 1;
				LastSwiftUpdateCheck = 1500;
				LastUpgradeCheck = 1500;
				TargetAttributes = {
					954E58D72BE2110500EA37F3 = {
						CreatedOnToolsVersion = 15.0;
					};
				};
			};
			buildConfigurationList = 954E58D32BE2110500EA37F3 /* Build configuration list for PBXProject "ToDoList" */;
			compatibilityVersion = "Xcode 14.0";
			developmentRegion = en;
			hasScannedForEncodings = 0;
			knownRegions = (
				en,
				Base,
			);
			mainGroup = 954E58CF2BE2110500EA37F3;
			packageReferences = (
				954E2E832BE2775F0095B226 /* XCRemoteSwiftPackageReference "firebase-ios-sdk" */,
			);
			productRefGroup = 954E58D92BE2110500EA37F3 /* Products */;
			projectDirPath = "";
			projectRoot = "";
			targets = (
				954E58D72BE2110500EA37F3 /* ToDoList */,
			);
		};
/* End PBXProject section */

/* Begin PBXResourcesBuildPhase section */
		954E58D62BE2110500EA37F3 /* Resources */ = {
			isa = PBXResourcesBuildPhase;
			buildActionMask = 2147483647;
			files = (
				954E58E32BE2111900EA37F3 /* Preview Assets.xcassets in Resources */,
				954E58E02BE2111900EA37F3 /* Assets.xcassets in Resources */,
				954E2EBB2BE360040095B226 /* GoogleService-Info.plist in Resources */,
			);
			runOnlyForDeploymentPostprocessing = 0;
		};
/* End PBXResourcesBuildPhase section */

/* Begin PBXSourcesBuildPhase section */
		954E58D42BE2110500EA37F3 /* Sources */ = {
			isa = PBXSourcesBuildPhase;
			buildActionMask = 2147483647;
			files = (
				954E2EBD2BE362020095B226 /* AppDelegate.swift in Sources */,
				954E58DE2BE2110500EA37F3 /* MainView.swift in Sources */,
				95972F932BE3713A00F4DBBD /* User.swift in Sources */,
				95972F8E2BE370DD00F4DBBD /* LoginView.swift in Sources */,
				95972F902BE3710000F4DBBD /* LoginViewModel.swift in Sources */,
				95972F9A2BE3AA4A00F4DBBD /* RegisterView.swift in Sources */,
				954E58DC2BE2110500EA37F3 /* ToDoListApp.swift in Sources */,
				95972F9C2BE3AA5A00F4DBBD /* RegisterViewModel.swift in Sources */,
				95972F962BE3847300F4DBBD /* HeaderView.swift in Sources */,
			);
			runOnlyForDeploymentPostprocessing = 0;
		};
/* End PBXSourcesBuildPhase section */

/* Begin XCBuildConfiguration section */
		954E58E42BE2111900EA37F3 /* Debug */ = {
			isa = XCBuildConfiguration;
			buildSettings = {
				ALWAYS_SEARCH_USER_PATHS = NO;
				ASSETCATALOG_COMPILER_GENERATE_SWIFT_ASSET_SYMBOL_EXTENSIONS = YES;
				CLANG_ANALYZER_NONNULL = YES;
				CLANG_ANALYZER_NUMBER_OBJECT_CONVERSION = YES_AGGRESSIVE;
				CLANG_CXX_LANGUAGE_STANDARD = "gnu++20";
				CLANG_ENABLE_MODULES = YES;
				CLANG_ENABLE_OBJC_ARC = YES;
				CLANG_ENABLE_OBJC_WEAK = YES;
				CLANG_WARN_BLOCK_CAPTURE_AUTORELEASING = YES;
				CLANG_WARN_BOOL_CONVERSION = YES;
				CLANG_WARN_COMMA = YES;
				CLANG_WARN_CONSTANT_CONVERSION = YES;
				CLANG_WARN_DEPRECATED_OBJC_IMPLEMENTATIONS = YES;
				CLANG_WARN_DIRECT_OBJC_ISA_USAGE = YES_ERROR;
				CLANG_WARN_DOCUMENTATION_COMMENTS = YES;
				CLANG_WARN_EMPTY_BODY = YES;
				CLANG_WARN_ENUM_CONVERSION = YES;
				CLANG_WARN_INFINITE_RECURSION = YES;
				CLANG_WARN_INT_CONVERSION = YES;
				CLANG_WARN_NON_LITERAL_NULL_CONVERSION = YES;
				CLANG_WARN_OBJC_IMPLICIT_RETAIN_SELF = YES;
				CLANG_WARN_OBJC_LITERAL_CONVERSION = YES;
				CLANG_WARN_OBJC_ROOT_CLASS = YES_ERROR;
				CLANG_WARN_QUOTED_INCLUDE_IN_FRAMEWORK_HEADER = YES;
				CLANG_WARN_RANGE_LOOP_ANALYSIS = YES;
				CLANG_WARN_STRICT_PROTOTYPES = YES;
				CLANG_WARN_SUSPICIOUS_MOVE = YES;
				CLANG_WARN_UNGUARDED_AVAILABILITY = YES_AGGRESSIVE;
				CLANG_WARN_UNREACHABLE_CODE = YES;
				CLANG_WARN__DUPLICATE_METHOD_MATCH = YES;
				COPY_PHASE_STRIP = NO;
				DEBUG_INFORMATION_FORMAT = dwarf;
				ENABLE_STRICT_OBJC_MSGSEND = YES;
				ENABLE_TESTABILITY = YES;
				ENABLE_USER_SCRIPT_SANDBOXING = YES;
				GCC_C_LANGUAGE_STANDARD = gnu17;
				GCC_DYNAMIC_NO_PIC = NO;
				GCC_NO_COMMON_BLOCKS = YES;
				GCC_OPTIMIZATION_LEVEL = 0;
				GCC_PREPROCESSOR_DEFINITIONS = (
					"DEBUG=1",
					"$(inherited)",
				);
				GCC_WARN_64_TO_32_BIT_CONVERSION = YES;
				GCC_WARN_ABOUT_RETURN_TYPE = YES_ERROR;
				GCC_WARN_UNDECLARED_SELECTOR = YES;
				GCC_WARN_UNINITIALIZED_AUTOS = YES_AGGRESSIVE;
				GCC_WARN_UNUSED_FUNCTION = YES;
				GCC_WARN_UNUSED_VARIABLE = YES;
				IPHONEOS_DEPLOYMENT_TARGET = 17.0;
				LOCALIZATION_PREFERS_STRING_CATALOGS = YES;
				MTL_ENABLE_DEBUG_INFO = INCLUDE_SOURCE;
				MTL_FAST_MATH = YES;
				ONLY_ACTIVE_ARCH = YES;
				SDKROOT = iphoneos;
				SWIFT_ACTIVE_COMPILATION_CONDITIONS = "DEBUG $(inherited)";
				SWIFT_OPTIMIZATION_LEVEL = "-Onone";
			};
			name = Debug;
		};
		954E58E52BE2111900EA37F3 /* Release */ = {
			isa = XCBuildConfiguration;
			buildSettings = {
				ALWAYS_SEARCH_USER_PATHS = NO;
				ASSETCATALOG_COMPILER_GENERATE_SWIFT_ASSET_SYMBOL_EXTENSIONS = YES;
				CLANG_ANALYZER_NONNULL = YES;
				CLANG_ANALYZER_NUMBER_OBJECT_CONVERSION = YES_AGGRESSIVE;
				CLANG_CXX_LANGUAGE_STANDARD = "gnu++20";
				CLANG_ENABLE_MODULES = YES;
				CLANG_ENABLE_OBJC_ARC = YES;
				CLANG_ENABLE_OBJC_WEAK = YES;
				CLANG_WARN_BLOCK_CAPTURE_AUTORELEASING = YES;
				CLANG_WARN_BOOL_CONVERSION = YES;
				CLANG_WARN_COMMA = YES;
				CLANG_WARN_CONSTANT_CONVERSION = YES;
				CLANG_WARN_DEPRECATED_OBJC_IMPLEMENTATIONS = YES;
				CLANG_WARN_DIRECT_OBJC_ISA_USAGE = YES_ERROR;
				CLANG_WARN_DOCUMENTATION_COMMENTS = YES;
				CLANG_WARN_EMPTY_BODY = YES;
				CLANG_WARN_ENUM_CONVERSION = YES;
				CLANG_WARN_INFINITE_RECURSION = YES;
				CLANG_WARN_INT_CONVERSION = YES;
				CLANG_WARN_NON_LITERAL_NULL_CONVERSION = YES;
				CLANG_WARN_OBJC_IMPLICIT_RETAIN_SELF = YES;
				CLANG_WARN_OBJC_LITERAL_CONVERSION = YES;
				CLANG_WARN_OBJC_ROOT_CLASS = YES_ERROR;
				CLANG_WARN_QUOTED_INCLUDE_IN_FRAMEWORK_HEADER = YES;
				CLANG_WARN_RANGE_LOOP_ANALYSIS = YES;
				CLANG_WARN_STRICT_PROTOTYPES = YES;
				CLANG_WARN_SUSPICIOUS_MOVE = YES;
				CLANG_WARN_UNGUARDED_AVAILABILITY = YES_AGGRESSIVE;
				CLANG_WARN_UNREACHABLE_CODE = YES;
				CLANG_WARN__DUPLICATE_METHOD_MATCH = YES;
				COPY_PHASE_STRIP = NO;
				DEBUG_INFORMATION_FORMAT = "dwarf-with-dsym";
				ENABLE_NS_ASSERTIONS = NO;
				ENABLE_STRICT_OBJC_MSGSEND = YES;
				ENABLE_USER_SCRIPT_SANDBOXING = YES;
				GCC_C_LANGUAGE_STANDARD = gnu17;
				GCC_NO_COMMON_BLOCKS = YES;
				GCC_WARN_64_TO_32_BIT_CONVERSION = YES;
				GCC_WARN_ABOUT_RETURN_TYPE = YES_ERROR;
				GCC_WARN_UNDECLARED_SELECTOR = YES;
				GCC_WARN_UNINITIALIZED_AUTOS = YES_AGGRESSIVE;
				GCC_WARN_UNUSED_FUNCTION = YES;
				GCC_WARN_UNUSED_VARIABLE = YES;
				IPHONEOS_DEPLOYMENT_TARGET = 17.0;
				LOCALIZATION_PREFERS_STRING_CATALOGS = YES;
				MTL_ENABLE_DEBUG_INFO = NO;
				MTL_FAST_MATH = YES;
				SDKROOT = iphoneos;
				SWIFT_COMPILATION_MODE = wholemodule;
				VALIDATE_PRODUCT = YES;
			};
			name = Release;
		};
		954E58E72BE2111900EA37F3 /* Debug */ = {
			isa = XCBuildConfiguration;
			buildSettings = {
				ASSETCATALOG_COMPILER_APPICON_NAME = AppIcon;
				ASSETCATALOG_COMPILER_GLOBAL_ACCENT_COLOR_NAME = AccentColor;
				CODE_SIGN_STYLE = Automatic;
				CURRENT_PROJECT_VERSION = 1;
				DEVELOPMENT_ASSET_PATHS = "\"ToDoList/Preview Content\"";
				DEVELOPMENT_TEAM = 6L3T8BHYTU;
				ENABLE_PREVIEWS = YES;
				GENERATE_INFOPLIST_FILE = YES;
				INFOPLIST_KEY_CFBundleDisplayName = ToDoList;
				INFOPLIST_KEY_LSApplicationCategoryType = "public.app-category.utilities";
				INFOPLIST_KEY_UIApplicationSceneManifest_Generation = YES;
				INFOPLIST_KEY_UIApplicationSupportsIndirectInputEvents = YES;
				INFOPLIST_KEY_UILaunchScreen_Generation = YES;
				INFOPLIST_KEY_UISupportedInterfaceOrientations = UIInterfaceOrientationPortrait;
				IPHONEOS_DEPLOYMENT_TARGET = 17.0;
				LD_RUNPATH_SEARCH_PATHS = (
					"$(inherited)",
					"@executable_path/Frameworks",
				);
				MARKETING_VERSION = 1.0;
				PRODUCT_BUNDLE_IDENTIFIER = com.buildmyapp.ToDoList;
				PRODUCT_NAME = "$(TARGET_NAME)";
				SWIFT_EMIT_LOC_STRINGS = YES;
				SWIFT_VERSION = 5.0;
				TARGETED_DEVICE_FAMILY = "1,2";
			};
			name = Debug;
		};
		954E58E82BE2111900EA37F3 /* Release */ = {
			isa = XCBuildConfiguration;
			buildSettings = {
				ASSETCATALOG_COMPILER_APPICON_NAME = AppIcon;
				ASSETCATALOG_COMPILER_GLOBAL_ACCENT_COLOR_NAME = AccentColor;
				CODE_SIGN_STYLE = Automatic;
				CURRENT_PROJECT_VERSION = 1;
				DEVELOPMENT_ASSET_PATHS = "\"ToDoList/Preview Content\"";
				DEVELOPMENT_TEAM = 6L3T8BHYTU;
				ENABLE_PREVIEWS = YES;
				GENERATE_INFOPLIST_FILE = YES;
				INFOPLIST_KEY_CFBundleDisplayName = ToDoList;
				INFOPLIST_KEY_LSApplicationCategoryType = "public.app-category.utilities";
				INFOPLIST_KEY_UIApplicationSceneManifest_Generation = YES;
				INFOPLIST_KEY_UIApplicationSupportsIndirectInputEvents = YES;
				INFOPLIST_KEY_UILaunchScreen_Generation = YES;
				INFOPLIST_KEY_UISupportedInterfaceOrientations = UIInterfaceOrientationPortrait;
				IPHONEOS_DEPLOYMENT_TARGET = 17.0;
				LD_RUNPATH_SEARCH_PATHS = (
					"$(inherited)",
					"@executable_path/Frameworks",
				);
				MARKETING_VERSION = 1.0;
				PRODUCT_BUNDLE_IDENTIFIER = com.buildmyapp.ToDoList;
				PRODUCT_NAME = "$(TARGET_NAME)";
				SWIFT_EMIT_LOC_STRINGS = YES;
				SWIFT_VERSION = 5.0;
				TARGETED_DEVICE_FAMILY = "1,2";
			};
			name = Release;
		};
/* End XCBuildConfiguration section */

/* Begin XCConfigurationList section */
		954E58D32BE2110500EA37F3 /* Build configuration list for PBXProject "ToDoList" */ = {
			isa = XCConfigurationList;
			buildConfigurations = (
				954E58E42BE2111900EA37F3 /* Debug */,
				954E58E52BE2111900EA37F3 /* Release */,
			);
			defaultConfigurationIsVisible = 0;
			defaultConfigurationName = Release;
		};
		954E58E62BE2111900EA37F3 /* Build configuration list for PBXNativeTarget "ToDoList" */ = {
			isa = XCConfigurationList;
			buildConfigurations = (
				954E58E72BE2111900EA37F3 /* Debug */,
				954E58E82BE2111900EA37F3 /* Release */,
			);
			defaultConfigurationIsVisible = 0;
			defaultConfigurationName = Release;
		};
/* End XCConfigurationList section */

/* Begin XCRemoteSwiftPackageReference section */
		954E2E832BE2775F0095B226 /* XCRemoteSwiftPackageReference "firebase-ios-sdk" */ = {
			isa = XCRemoteSwiftPackageReference;
			repositoryURL = "https://github.com/firebase/firebase-ios-sdk";
			requirement = {
				kind = upToNextMajorVersion;
				minimumVersion = 10.25.0;
			};
		};
/* End XCRemoteSwiftPackageReference section */

/* Begin XCSwiftPackageProductDependency section */
		954E2E842BE2775F0095B226 /* FirebaseAnalytics */ = {
			isa = XCSwiftPackageProductDependency;
			package = 954E2E832BE2775F0095B226 /* XCRemoteSwiftPackageReference "firebase-ios-sdk" */;
			productName = FirebaseAnalytics;
		};
		954E2E862BE2775F0095B226 /* FirebaseAnalyticsOnDeviceConversion */ = {
			isa = XCSwiftPackageProductDependency;
			package = 954E2E832BE2775F0095B226 /* XCRemoteSwiftPackageReference "firebase-ios-sdk" */;
			productName = FirebaseAnalyticsOnDeviceConversion;
		};
		954E2E882BE2775F0095B226 /* FirebaseAnalyticsSwift */ = {
			isa = XCSwiftPackageProductDependency;
			package = 954E2E832BE2775F0095B226 /* XCRemoteSwiftPackageReference "firebase-ios-sdk" */;
			productName = FirebaseAnalyticsSwift;
		};
		954E2E8A2BE2775F0095B226 /* FirebaseAnalyticsWithoutAdIdSupport */ = {
			isa = XCSwiftPackageProductDependency;
			package = 954E2E832BE2775F0095B226 /* XCRemoteSwiftPackageReference "firebase-ios-sdk" */;
			productName = FirebaseAnalyticsWithoutAdIdSupport;
		};
		954E2E8C2BE2775F0095B226 /* FirebaseAppCheck */ = {
			isa = XCSwiftPackageProductDependency;
			package = 954E2E832BE2775F0095B226 /* XCRemoteSwiftPackageReference "firebase-ios-sdk" */;
			productName = FirebaseAppCheck;
		};
		954E2E8E2BE2775F0095B226 /* FirebaseAppDistribution-Beta */ = {
			isa = XCSwiftPackageProductDependency;
			package = 954E2E832BE2775F0095B226 /* XCRemoteSwiftPackageReference "firebase-ios-sdk" */;
			productName = "FirebaseAppDistribution-Beta";
		};
		954E2E902BE2775F0095B226 /* FirebaseAuth */ = {
			isa = XCSwiftPackageProductDependency;
			package = 954E2E832BE2775F0095B226 /* XCRemoteSwiftPackageReference "firebase-ios-sdk" */;
			productName = FirebaseAuth;
		};
		954E2E922BE2775F0095B226 /* FirebaseAuthCombine-Community */ = {
			isa = XCSwiftPackageProductDependency;
			package = 954E2E832BE2775F0095B226 /* XCRemoteSwiftPackageReference "firebase-ios-sdk" */;
			productName = "FirebaseAuthCombine-Community";
		};
		954E2E942BE2775F0095B226 /* FirebaseCrashlytics */ = {
			isa = XCSwiftPackageProductDependency;
			package = 954E2E832BE2775F0095B226 /* XCRemoteSwiftPackageReference "firebase-ios-sdk" */;
			productName = FirebaseCrashlytics;
		};
		954E2E962BE2775F0095B226 /* FirebaseDatabase */ = {
			isa = XCSwiftPackageProductDependency;
			package = 954E2E832BE2775F0095B226 /* XCRemoteSwiftPackageReference "firebase-ios-sdk" */;
			productName = FirebaseDatabase;
		};
		954E2E982BE2775F0095B226 /* FirebaseDatabaseSwift */ = {
			isa = XCSwiftPackageProductDependency;
			package = 954E2E832BE2775F0095B226 /* XCRemoteSwiftPackageReference "firebase-ios-sdk" */;
			productName = FirebaseDatabaseSwift;
		};
		954E2E9A2BE2775F0095B226 /* FirebaseDynamicLinks */ = {
			isa = XCSwiftPackageProductDependency;
			package = 954E2E832BE2775F0095B226 /* XCRemoteSwiftPackageReference "firebase-ios-sdk" */;
			productName = FirebaseDynamicLinks;
		};
		954E2E9C2BE2775F0095B226 /* FirebaseFirestore */ = {
			isa = XCSwiftPackageProductDependency;
			package = 954E2E832BE2775F0095B226 /* XCRemoteSwiftPackageReference "firebase-ios-sdk" */;
			productName = FirebaseFirestore;
		};
		954E2E9E2BE2775F0095B226 /* FirebaseFirestoreCombine-Community */ = {
			isa = XCSwiftPackageProductDependency;
			package = 954E2E832BE2775F0095B226 /* XCRemoteSwiftPackageReference "firebase-ios-sdk" */;
			productName = "FirebaseFirestoreCombine-Community";
		};
		954E2EA02BE2775F0095B226 /* FirebaseFirestoreSwift */ = {
			isa = XCSwiftPackageProductDependency;
			package = 954E2E832BE2775F0095B226 /* XCRemoteSwiftPackageReference "firebase-ios-sdk" */;
			productName = FirebaseFirestoreSwift;
		};
		954E2EA22BE2775F0095B226 /* FirebaseFunctions */ = {
			isa = XCSwiftPackageProductDependency;
			package = 954E2E832BE2775F0095B226 /* XCRemoteSwiftPackageReference "firebase-ios-sdk" */;
			productName = FirebaseFunctions;
		};
		954E2EA42BE2775F0095B226 /* FirebaseFunctionsCombine-Community */ = {
			isa = XCSwiftPackageProductDependency;
			package = 954E2E832BE2775F0095B226 /* XCRemoteSwiftPackageReference "firebase-ios-sdk" */;
			productName = "FirebaseFunctionsCombine-Community";
		};
		954E2EA62BE2775F0095B226 /* FirebaseInAppMessaging-Beta */ = {
			isa = XCSwiftPackageProductDependency;
			package = 954E2E832BE2775F0095B226 /* XCRemoteSwiftPackageReference "firebase-ios-sdk" */;
			productName = "FirebaseInAppMessaging-Beta";
		};
		954E2EA82BE2775F0095B226 /* FirebaseInAppMessagingSwift-Beta */ = {
			isa = XCSwiftPackageProductDependency;
			package = 954E2E832BE2775F0095B226 /* XCRemoteSwiftPackageReference "firebase-ios-sdk" */;
			productName = "FirebaseInAppMessagingSwift-Beta";
		};
		954E2EAA2BE2775F0095B226 /* FirebaseInstallations */ = {
			isa = XCSwiftPackageProductDependency;
			package = 954E2E832BE2775F0095B226 /* XCRemoteSwiftPackageReference "firebase-ios-sdk" */;
			productName = FirebaseInstallations;
		};
		954E2EAC2BE2775F0095B226 /* FirebaseMLModelDownloader */ = {
			isa = XCSwiftPackageProductDependency;
			package = 954E2E832BE2775F0095B226 /* XCRemoteSwiftPackageReference "firebase-ios-sdk" */;
			productName = FirebaseMLModelDownloader;
		};
		954E2EAE2BE2775F0095B226 /* FirebaseMessaging */ = {
			isa = XCSwiftPackageProductDependency;
			package = 954E2E832BE2775F0095B226 /* XCRemoteSwiftPackageReference "firebase-ios-sdk" */;
			productName = FirebaseMessaging;
		};
		954E2EB02BE2775F0095B226 /* FirebasePerformance */ = {
			isa = XCSwiftPackageProductDependency;
			package = 954E2E832BE2775F0095B226 /* XCRemoteSwiftPackageReference "firebase-ios-sdk" */;
			productName = FirebasePerformance;
		};
		954E2EB22BE2775F0095B226 /* FirebaseRemoteConfig */ = {
			isa = XCSwiftPackageProductDependency;
			package = 954E2E832BE2775F0095B226 /* XCRemoteSwiftPackageReference "firebase-ios-sdk" */;
			productName = FirebaseRemoteConfig;
		};
		954E2EB42BE2775F0095B226 /* FirebaseRemoteConfigSwift */ = {
			isa = XCSwiftPackageProductDependency;
			package = 954E2E832BE2775F0095B226 /* XCRemoteSwiftPackageReference "firebase-ios-sdk" */;
			productName = FirebaseRemoteConfigSwift;
		};
		954E2EB62BE2775F0095B226 /* FirebaseStorage */ = {
			isa = XCSwiftPackageProductDependency;
			package = 954E2E832BE2775F0095B226 /* XCRemoteSwiftPackageReference "firebase-ios-sdk" */;
			productName = FirebaseStorage;
		};
		954E2EB82BE2775F0095B226 /* FirebaseStorageCombine-Community */ = {
			isa = XCSwiftPackageProductDependency;
			package = 954E2E832BE2775F0095B226 /* XCRemoteSwiftPackageReference "firebase-ios-sdk" */;
			productName = "FirebaseStorageCombine-Community";
		};
/* End XCSwiftPackageProductDependency section */
	};
	rootObject = 954E58D02BE2110500EA37F3 /* Project object */;
}
